
Microsoft Visual Studio Solution File, Format Version 12.00
# Visual Studio Express 2013 for Web
VisualStudioVersion = 12.0.20827.3
MinimumVisualStudioVersion = 10.0.40219.1
Project("{FAE04EC0-301F-11D3-BF4B-00C04F79EFBC}") = "LittleCompany.GUI", "LittleCompany\LittleCompany.GUI.csproj", "{ADFA26A4-C342-40F0-B42A-3CF19E363EFE}"
EndProject
Project("{FAE04EC0-301F-11D3-BF4B-00C04F79EFBC}") = "LittleCompany.DAL", "LittleCompany.DAL\LittleCompany.DAL.csproj", "{82F0D687-8700-405A-B958-7F2E9368453C}"
EndProject
Project("{FAE04EC0-301F-11D3-BF4B-00C04F79EFBC}") = "LittleCompany.BL", "LittleCompany.BL\LittleCompany.BL.csproj", "{5DE1E37F-65A0-43AB-9B6E-4E952BD8795F}"
EndProject
Project("{FAE04EC0-301F-11D3-BF4B-00C04F79EFBC}") = "LittleCompany.BO", "LittleCompany.BO\LittleCompany.BO.csproj", "{D3129636-8523-4B29-9268-B85DFC904BE9}"
EndProject
Global
	GlobalSection(SolutionConfigurationPlatforms) = preSolution
		Debug|Any CPU = Debug|Any CPU
		Release|Any CPU = Release|Any CPU
	EndGlobalSection
	GlobalSection(ProjectConfigurationPlatforms) = postSolution
		{ADFA26A4-C342-40F0-B42A-3CF19E363EFE}.Debug|Any CPU.ActiveCfg = Debug|Any CPU
		{ADFA26A4-C342-40F0-B42A-3CF19E363EFE}.Debug|Any CPU.Build.0 = Debug|Any CPU
		{ADFA26A4-C342-40F0-B42A-3CF19E363EFE}.Release|Any CPU.ActiveCfg = Release|Any CPU
		{ADFA26A4-C342-40F0-B42A-3CF19E363EFE}.Release|Any CPU.Build.0 = Release|Any CPU
		{82F0D687-8700-405A-B958-7F2E9368453C}.Debug|Any CPU.ActiveCfg = Debug|Any CPU
		{82F0D687-8700-405A-B958-7F2E9368453C}.Debug|Any CPU.Build.0 = Debug|Any CPU
		{82F0D687-8700-405A-B958-7F2E9368453C}.Release|Any CPU.ActiveCfg = Release|Any CPU
		{82F0D687-8700-405A-B958-7F2E9368453C}.Release|Any CPU.Build.0 = Release|Any CPU
		{5DE1E37F-65A0-43AB-9B6E-4E952BD8795F}.Debug|Any CPU.ActiveCfg = Debug|Any CPU
		{5DE1E37F-65A0-43AB-9B6E-4E952BD8795F}.Debug|Any CPU.Build.0 = Debug|Any CPU
		{5DE1E37F-65A0-43AB-9B6E-4E952BD8795F}.Release|Any CPU.ActiveCfg = Release|Any CPU
		{5DE1E37F-65A0-43AB-9B6E-4E952BD8795F}.Release|Any CPU.Build.0 = Release|Any CPU
		{D3129636-8523-4B29-9268-B85DFC904BE9}.Debug|Any CPU.ActiveCfg = Debug|Any CPU
		{D3129636-8523-4B29-9268-B85DFC904BE9}.Debug|Any CPU.Build.0 = Debug|Any CPU
		{D3129636-8523-4B29-9268-B85DFC904BE9}.Release|Any CPU.ActiveCfg = Release|Any CPU
		{D3129636-8523-4B29-9268-B85DFC904BE9}.Release|Any CPU.Build.0 = Release|Any CPU
	EndGlobalSection
	GlobalSection(SolutionProperties) = preSolution
		HideSolutionNode = FALSE
	EndGlobalSection
EndGlobal
